
Microsoft Visual Studio Solution File, Format Version 12.00
# Visual Studio Version 17
VisualStudioVersion = 17.5.33414.496
MinimumVisualStudioVersion = 10.0.40219.1
Project("{9A19103F-16F7-4668-BE54-9A1E7A4F7556}") = "Csmmon", "src\Csmmon\Csmmon.csproj", "{8C465224-001E-42FF-AA05-29758C5B3EAB}"
EndProject
Project("{9A19103F-16F7-4668-BE54-9A1E7A4F7556}") = "Csmmon.Disqord", "src\Csmmon.Disqord\Csmmon.Disqord.csproj", "{A53D1F35-F29B-4B21-8647-FBCCE57F25B9}"
EndProject
Project("{9A19103F-16F7-4668-BE54-9A1E7A4F7556}") = "Csmmon.Data", "src\Csmmon.Data\Csmmon.Data.csproj", "{756F50A0-21C8-47AB-ACC5-C8F0BE76CCC0}"
EndProject
Project("{FAE04EC0-301F-11D3-BF4B-00C04F79EFBC}") = "Csmmon.Netcord", "src\Csmmon.Netcord\Csmmon.Netcord.csproj", "{775F7D83-8ABD-4D60-9637-BE8695F7B522}"
EndProject
Project("{FAE04EC0-301F-11D3-BF4B-00C04F79EFBC}") = "Csmmon.Discord", "src\Csmmon.Discord\Csmmon.Discord.csproj", "{B1A1524B-27B2-4A4C-A066-C7D68D461227}"
EndProject
Global
	GlobalSection(SolutionConfigurationPlatforms) = preSolution
		Debug|Any CPU = Debug|Any CPU
		Release|Any CPU = Release|Any CPU
	EndGlobalSection
	GlobalSection(ProjectConfigurationPlatforms) = postSolution
		{8C465224-001E-42FF-AA05-29758C5B3EAB}.Debug|Any CPU.ActiveCfg = Debug|Any CPU
		{8C465224-001E-42FF-AA05-29758C5B3EAB}.Debug|Any CPU.Build.0 = Debug|Any CPU
		{8C465224-001E-42FF-AA05-29758C5B3EAB}.Release|Any CPU.ActiveCfg = Release|Any CPU
		{8C465224-001E-42FF-AA05-29758C5B3EAB}.Release|Any CPU.Build.0 = Release|Any CPU
		{A53D1F35-F29B-4B21-8647-FBCCE57F25B9}.Debug|Any CPU.ActiveCfg = Debug|Any CPU
		{A53D1F35-F29B-4B21-8647-FBCCE57F25B9}.Debug|Any CPU.Build.0 = Debug|Any CPU
		{A53D1F35-F29B-4B21-8647-FBCCE57F25B9}.Release|Any CPU.ActiveCfg = Release|Any CPU
		{A53D1F35-F29B-4B21-8647-FBCCE57F25B9}.Release|Any CPU.Build.0 = Release|Any CPU
		{756F50A0-21C8-47AB-ACC5-C8F0BE76CCC0}.Debug|Any CPU.ActiveCfg = Debug|Any CPU
		{756F50A0-21C8-47AB-ACC5-C8F0BE76CCC0}.Debug|Any CPU.Build.0 = Debug|Any CPU
		{756F50A0-21C8-47AB-ACC5-C8F0BE76CCC0}.Release|Any CPU.ActiveCfg = Release|Any CPU
		{756F50A0-21C8-47AB-ACC5-C8F0BE76CCC0}.Release|Any CPU.Build.0 = Release|Any CPU
		{775F7D83-8ABD-4D60-9637-BE8695F7B522}.Debug|Any CPU.ActiveCfg = Debug|Any CPU
		{775F7D83-8ABD-4D60-9637-BE8695F7B522}.Debug|Any CPU.Build.0 = Debug|Any CPU
		{775F7D83-8ABD-4D60-9637-BE8695F7B522}.Release|Any CPU.ActiveCfg = Release|Any CPU
		{775F7D83-8ABD-4D60-9637-BE8695F7B522}.Release|Any CPU.Build.0 = Release|Any CPU
		{B1A1524B-27B2-4A4C-A066-C7D68D461227}.Debug|Any CPU.ActiveCfg = Debug|Any CPU
		{B1A1524B-27B2-4A4C-A066-C7D68D461227}.Debug|Any CPU.Build.0 = Debug|Any CPU
		{B1A1524B-27B2-4A4C-A066-C7D68D461227}.Release|Any CPU.ActiveCfg = Release|Any CPU
		{B1A1524B-27B2-4A4C-A066-C7D68D461227}.Release|Any CPU.Build.0 = Release|Any CPU
	EndGlobalSection
	GlobalSection(SolutionProperties) = preSolution
		HideSolutionNode = FALSE
	EndGlobalSection
	GlobalSection(ExtensibilityGlobals) = postSolution
		SolutionGuid = {E83BA2BA-1206-4081-A3B2-F52CF8FEC037}
	EndGlobalSection
EndGlobal
